
Microsoft Visual Studio Solution File, Format Version 12.00
# Visual Studio 14
VisualStudioVersion = 14.0.25420.1
MinimumVisualStudioVersion = 10.0.40219.1
Project("{2150E333-8FDC-42A3-9474-1A3956D46DE8}") = "UI", "UI", "{01320281-981B-434D-8514-A1651D1AA423}"
EndProject
Project("{2150E333-8FDC-42A3-9474-1A3956D46DE8}") = "BL", "BL", "{12B3747B-74AC-49F5-82E3-3681E4885FA9}"
EndProject
Project("{2150E333-8FDC-42A3-9474-1A3956D46DE8}") = "Lib", "Lib", "{E99ECAE6-88BF-4EB8-BC69-BE9E695FB328}"
EndProject
Project("{FAE04EC0-301F-11D3-BF4B-00C04F79EFBC}") = "TCR.Lib", "Lib\TCR.Lib\TCR.Lib.csproj", "{1A3984CE-0ADA-4EBD-9041-0BFEC35A4EF0}"
EndProject
Project("{FAE04EC0-301F-11D3-BF4B-00C04F79EFBC}") = "TCR.Lib.BL", "Lib\TCR.Lib.BL\TCR.Lib.BL.csproj", "{35A9C699-671D-41B7-AA25-3EDCF8D234AE}"
EndProject
Project("{2150E333-8FDC-42A3-9474-1A3956D46DE8}") = "Tools", "Tools", "{29158E5E-4FCD-4458-93A2-5C6F14E8FE7C}"
EndProject
Project("{FAE04EC0-301F-11D3-BF4B-00C04F79EFBC}") = "TRiZHub.BL.Test", "BL\TRiZHub.BL.Test\TRiZHub.BL.Test.csproj", "{2B12BFFB-F941-4910-BD0C-8BA173E714F2}"
EndProject
Project("{FAE04EC0-301F-11D3-BF4B-00C04F79EFBC}") = "TRiZHub", "UI\TRiZHub\TRiZHub.csproj", "{F734CF51-1AF2-40FC-8A3C-CE496C871B8C}"
EndProject
Project("{FAE04EC0-301F-11D3-BF4B-00C04F79EFBC}") = "TRiZHub.Tests", "UI\TRiZHub.Tests\TRiZHub.Tests.csproj", "{6DBD6491-7106-4110-A08E-750C3F720569}"
EndProject
Project("{FAE04EC0-301F-11D3-BF4B-00C04F79EFBC}") = "TRiZHub.DbPopulate", "Tools\TRiZHub.DbPopulate\TRiZHub.DbPopulate.csproj", "{CCE711BE-2AE6-4FA4-8B03-1D51C61963F1}"
EndProject
Project("{FAE04EC0-301F-11D3-BF4B-00C04F79EFBC}") = "TRiZHub.UnitTestRun", "Tools\TRiZHub.UnitTestRun\TRiZHub.UnitTestRun.csproj", "{3E801B5A-C2C2-42D6-BE7E-A21E6D9E7B36}"
EndProject
Project("{FAE04EC0-301F-11D3-BF4B-00C04F79EFBC}") = "TRiZHub.BL", "BL\TRiZHub.BL\TRiZHub.BL.csproj", "{B7AFEB3E-A736-43DB-AE04-9C630D1F338A}"
EndProject
Project("{FAE04EC0-301F-11D3-BF4B-00C04F79EFBC}") = "TRiZHub.ClientImport", "Tools\TRiZHub.ClientImport\TRiZHub.ClientImport.csproj", "{9E6B6C95-DB78-4C46-8385-1548C2038ECC}"
EndProject
Global
	GlobalSection(SolutionConfigurationPlatforms) = preSolution
		Debug|Android = Debug|Android
		Debug|Any CPU = Debug|Any CPU
		Debug|ARM = Debug|ARM
		Debug|iOS = Debug|iOS
		Debug|Windows Phone (Universal) = Debug|Windows Phone (Universal)
		Debug|Windows Phone 8 = Debug|Windows Phone 8
		Debug|Windows-AnyCPU = Debug|Windows-AnyCPU
		Debug|Windows-ARM = Debug|Windows-ARM
		Debug|Windows-x64 = Debug|Windows-x64
		Debug|Windows-x86 = Debug|Windows-x86
		Debug|x64 = Debug|x64
		Debug|x86 = Debug|x86
		Release|Android = Release|Android
		Release|Any CPU = Release|Any CPU
		Release|ARM = Release|ARM
		Release|iOS = Release|iOS
		Release|Windows Phone (Universal) = Release|Windows Phone (Universal)
		Release|Windows Phone 8 = Release|Windows Phone 8
		Release|Windows-AnyCPU = Release|Windows-AnyCPU
		Release|Windows-ARM = Release|Windows-ARM
		Release|Windows-x64 = Release|Windows-x64
		Release|Windows-x86 = Release|Windows-x86
		Release|x64 = Release|x64
		Release|x86 = Release|x86
		UnitTest|Android = UnitTest|Android
		UnitTest|Any CPU = UnitTest|Any CPU
		UnitTest|ARM = UnitTest|ARM
		UnitTest|iOS = UnitTest|iOS
		UnitTest|Windows Phone (Universal) = UnitTest|Windows Phone (Universal)
		UnitTest|Windows Phone 8 = UnitTest|Windows Phone 8
		UnitTest|Windows-AnyCPU = UnitTest|Windows-AnyCPU
		UnitTest|Windows-ARM = UnitTest|Windows-ARM
		UnitTest|Windows-x64 = UnitTest|Windows-x64
		UnitTest|Windows-x86 = UnitTest|Windows-x86
		UnitTest|x64 = UnitTest|x64
		UnitTest|x86 = UnitTest|x86
	EndGlobalSection
	GlobalSection(ProjectConfigurationPlatforms) = postSolution
		{1A3984CE-0ADA-4EBD-9041-0BFEC35A4EF0}.Debug|Android.ActiveCfg = Debug|Any CPU
		{1A3984CE-0ADA-4EBD-9041-0BFEC35A4EF0}.Debug|Android.Build.0 = Debug|Any CPU
		{1A3984CE-0ADA-4EBD-9041-0BFEC35A4EF0}.Debug|Any CPU.ActiveCfg = Debug|Any CPU
		{1A3984CE-0ADA-4EBD-9041-0BFEC35A4EF0}.Debug|Any CPU.Build.0 = Debug|Any CPU
		{1A3984CE-0ADA-4EBD-9041-0BFEC35A4EF0}.Debug|ARM.ActiveCfg = Debug|Any CPU
		{1A3984CE-0ADA-4EBD-9041-0BFEC35A4EF0}.Debug|ARM.Build.0 = Debug|Any CPU
		{1A3984CE-0ADA-4EBD-9041-0BFEC35A4EF0}.Debug|iOS.ActiveCfg = Debug|Any CPU
		{1A3984CE-0ADA-4EBD-9041-0BFEC35A4EF0}.Debug|iOS.Build.0 = Debug|Any CPU
		{1A3984CE-0ADA-4EBD-9041-0BFEC35A4EF0}.Debug|Windows Phone (Universal).ActiveCfg = Debug|Any CPU
		{1A3984CE-0ADA-4EBD-9041-0BFEC35A4EF0}.Debug|Windows Phone (Universal).Build.0 = Debug|Any CPU
		{1A3984CE-0ADA-4EBD-9041-0BFEC35A4EF0}.Debug|Windows Phone 8.ActiveCfg = Debug|Any CPU
		{1A3984CE-0ADA-4EBD-9041-0BFEC35A4EF0}.Debug|Windows Phone 8.Build.0 = Debug|Any CPU
		{1A3984CE-0ADA-4EBD-9041-0BFEC35A4EF0}.Debug|Windows-AnyCPU.ActiveCfg = Debug|Any CPU
		{1A3984CE-0ADA-4EBD-9041-0BFEC35A4EF0}.Debug|Windows-AnyCPU.Build.0 = Debug|Any CPU
		{1A3984CE-0ADA-4EBD-9041-0BFEC35A4EF0}.Debug|Windows-ARM.ActiveCfg = Debug|Any CPU
		{1A3984CE-0ADA-4EBD-9041-0BFEC35A4EF0}.Debug|Windows-ARM.Build.0 = Debug|Any CPU
		{1A3984CE-0ADA-4EBD-9041-0BFEC35A4EF0}.Debug|Windows-x64.ActiveCfg = Debug|Any CPU
		{1A3984CE-0ADA-4EBD-9041-0BFEC35A4EF0}.Debug|Windows-x64.Build.0 = Debug|Any CPU
		{1A3984CE-0ADA-4EBD-9041-0BFEC35A4EF0}.Debug|Windows-x86.ActiveCfg = Debug|Any CPU
		{1A3984CE-0ADA-4EBD-9041-0BFEC35A4EF0}.Debug|Windows-x86.Build.0 = Debug|Any CPU
		{1A3984CE-0ADA-4EBD-9041-0BFEC35A4EF0}.Debug|x64.ActiveCfg = Debug|x64
		{1A3984CE-0ADA-4EBD-9041-0BFEC35A4EF0}.Debug|x64.Build.0 = Debug|x64
		{1A3984CE-0ADA-4EBD-9041-0BFEC35A4EF0}.Debug|x86.ActiveCfg = Debug|Any CPU
		{1A3984CE-0ADA-4EBD-9041-0BFEC35A4EF0}.Debug|x86.Build.0 = Debug|Any CPU
		{1A3984CE-0ADA-4EBD-9041-0BFEC35A4EF0}.Release|Android.ActiveCfg = Release|Any CPU
		{1A3984CE-0ADA-4EBD-9041-0BFEC35A4EF0}.Release|Android.Build.0 = Release|Any CPU
		{1A3984CE-0ADA-4EBD-9041-0BFEC35A4EF0}.Release|Any CPU.ActiveCfg = Release|Any CPU
		{1A3984CE-0ADA-4EBD-9041-0BFEC35A4EF0}.Release|Any CPU.Build.0 = Release|Any CPU
		{1A3984CE-0ADA-4EBD-9041-0BFEC35A4EF0}.Release|ARM.ActiveCfg = Release|Any CPU
		{1A3984CE-0ADA-4EBD-9041-0BFEC35A4EF0}.Release|ARM.Build.0 = Release|Any CPU
		{1A3984CE-0ADA-4EBD-9041-0BFEC35A4EF0}.Release|iOS.ActiveCfg = Release|Any CPU
		{1A3984CE-0ADA-4EBD-9041-0BFEC35A4EF0}.Release|iOS.Build.0 = Release|Any CPU
		{1A3984CE-0ADA-4EBD-9041-0BFEC35A4EF0}.Release|Windows Phone (Universal).ActiveCfg = Release|Any CPU
		{1A3984CE-0ADA-4EBD-9041-0BFEC35A4EF0}.Release|Windows Phone (Universal).Build.0 = Release|Any CPU
		{1A3984CE-0ADA-4EBD-9041-0BFEC35A4EF0}.Release|Windows Phone 8.ActiveCfg = Release|Any CPU
		{1A3984CE-0ADA-4EBD-9041-0BFEC35A4EF0}.Release|Windows Phone 8.Build.0 = Release|Any CPU
		{1A3984CE-0ADA-4EBD-9041-0BFEC35A4EF0}.Release|Windows-AnyCPU.ActiveCfg = Release|Any CPU
		{1A3984CE-0ADA-4EBD-9041-0BFEC35A4EF0}.Release|Windows-AnyCPU.Build.0 = Release|Any CPU
		{1A3984CE-0ADA-4EBD-9041-0BFEC35A4EF0}.Release|Windows-ARM.ActiveCfg = Release|Any CPU
		{1A3984CE-0ADA-4EBD-9041-0BFEC35A4EF0}.Release|Windows-ARM.Build.0 = Release|Any CPU
		{1A3984CE-0ADA-4EBD-9041-0BFEC35A4EF0}.Release|Windows-x64.ActiveCfg = Release|Any CPU
		{1A3984CE-0ADA-4EBD-9041-0BFEC35A4EF0}.Release|Windows-x64.Build.0 = Release|Any CPU
		{1A3984CE-0ADA-4EBD-9041-0BFEC35A4EF0}.Release|Windows-x86.ActiveCfg = Release|Any CPU
		{1A3984CE-0ADA-4EBD-9041-0BFEC35A4EF0}.Release|Windows-x86.Build.0 = Release|Any CPU
		{1A3984CE-0ADA-4EBD-9041-0BFEC35A4EF0}.Release|x64.ActiveCfg = Release|x64
		{1A3984CE-0ADA-4EBD-9041-0BFEC35A4EF0}.Release|x64.Build.0 = Release|x64
		{1A3984CE-0ADA-4EBD-9041-0BFEC35A4EF0}.Release|x86.ActiveCfg = Release|Any CPU
		{1A3984CE-0ADA-4EBD-9041-0BFEC35A4EF0}.Release|x86.Build.0 = Release|Any CPU
		{1A3984CE-0ADA-4EBD-9041-0BFEC35A4EF0}.UnitTest|Android.ActiveCfg = UnitTest|Any CPU
		{1A3984CE-0ADA-4EBD-9041-0BFEC35A4EF0}.UnitTest|Android.Build.0 = UnitTest|Any CPU
		{1A3984CE-0ADA-4EBD-9041-0BFEC35A4EF0}.UnitTest|Any CPU.ActiveCfg = UnitTest|Any CPU
		{1A3984CE-0ADA-4EBD-9041-0BFEC35A4EF0}.UnitTest|Any CPU.Build.0 = UnitTest|Any CPU
		{1A3984CE-0ADA-4EBD-9041-0BFEC35A4EF0}.UnitTest|ARM.ActiveCfg = UnitTest|Any CPU
		{1A3984CE-0ADA-4EBD-9041-0BFEC35A4EF0}.UnitTest|ARM.Build.0 = UnitTest|Any CPU
		{1A3984CE-0ADA-4EBD-9041-0BFEC35A4EF0}.UnitTest|iOS.ActiveCfg = UnitTest|Any CPU
		{1A3984CE-0ADA-4EBD-9041-0BFEC35A4EF0}.UnitTest|iOS.Build.0 = UnitTest|Any CPU
		{1A3984CE-0ADA-4EBD-9041-0BFEC35A4EF0}.UnitTest|Windows Phone (Universal).ActiveCfg = UnitTest|Any CPU
		{1A3984CE-0ADA-4EBD-9041-0BFEC35A4EF0}.UnitTest|Windows Phone (Universal).Build.0 = UnitTest|Any CPU
		{1A3984CE-0ADA-4EBD-9041-0BFEC35A4EF0}.UnitTest|Windows Phone 8.ActiveCfg = UnitTest|Any CPU
		{1A3984CE-0ADA-4EBD-9041-0BFEC35A4EF0}.UnitTest|Windows Phone 8.Build.0 = UnitTest|Any CPU
		{1A3984CE-0ADA-4EBD-9041-0BFEC35A4EF0}.UnitTest|Windows-AnyCPU.ActiveCfg = UnitTest|Any CPU
		{1A3984CE-0ADA-4EBD-9041-0BFEC35A4EF0}.UnitTest|Windows-AnyCPU.Build.0 = UnitTest|Any CPU
		{1A3984CE-0ADA-4EBD-9041-0BFEC35A4EF0}.UnitTest|Windows-ARM.ActiveCfg = UnitTest|Any CPU
		{1A3984CE-0ADA-4EBD-9041-0BFEC35A4EF0}.UnitTest|Windows-ARM.Build.0 = UnitTest|Any CPU
		{1A3984CE-0ADA-4EBD-9041-0BFEC35A4EF0}.UnitTest|Windows-x64.ActiveCfg = UnitTest|Any CPU
		{1A3984CE-0ADA-4EBD-9041-0BFEC35A4EF0}.UnitTest|Windows-x64.Build.0 = UnitTest|Any CPU
		{1A3984CE-0ADA-4EBD-9041-0BFEC35A4EF0}.UnitTest|Windows-x86.ActiveCfg = UnitTest|Any CPU
		{1A3984CE-0ADA-4EBD-9041-0BFEC35A4EF0}.UnitTest|Windows-x86.Build.0 = UnitTest|Any CPU
		{1A3984CE-0ADA-4EBD-9041-0BFEC35A4EF0}.UnitTest|x64.ActiveCfg = UnitTest|x64
		{1A3984CE-0ADA-4EBD-9041-0BFEC35A4EF0}.UnitTest|x64.Build.0 = UnitTest|x64
		{1A3984CE-0ADA-4EBD-9041-0BFEC35A4EF0}.UnitTest|x86.ActiveCfg = UnitTest|Any CPU
		{1A3984CE-0ADA-4EBD-9041-0BFEC35A4EF0}.UnitTest|x86.Build.0 = UnitTest|Any CPU
		{35A9C699-671D-41B7-AA25-3EDCF8D234AE}.Debug|Android.ActiveCfg = Debug|Any CPU
		{35A9C699-671D-41B7-AA25-3EDCF8D234AE}.Debug|Android.Build.0 = Debug|Any CPU
		{35A9C699-671D-41B7-AA25-3EDCF8D234AE}.Debug|Any CPU.ActiveCfg = Debug|Any CPU
		{35A9C699-671D-41B7-AA25-3EDCF8D234AE}.Debug|Any CPU.Build.0 = Debug|Any CPU
		{35A9C699-671D-41B7-AA25-3EDCF8D234AE}.Debug|ARM.ActiveCfg = Debug|Any CPU
		{35A9C699-671D-41B7-AA25-3EDCF8D234AE}.Debug|ARM.Build.0 = Debug|Any CPU
		{35A9C699-671D-41B7-AA25-3EDCF8D234AE}.Debug|iOS.ActiveCfg = Debug|Any CPU
		{35A9C699-671D-41B7-AA25-3EDCF8D234AE}.Debug|iOS.Build.0 = Debug|Any CPU
		{35A9C699-671D-41B7-AA25-3EDCF8D234AE}.Debug|Windows Phone (Universal).ActiveCfg = Debug|Any CPU
		{35A9C699-671D-41B7-AA25-3EDCF8D234AE}.Debug|Windows Phone (Universal).Build.0 = Debug|Any CPU
		{35A9C699-671D-41B7-AA25-3EDCF8D234AE}.Debug|Windows Phone 8.ActiveCfg = Debug|Any CPU
		{35A9C699-671D-41B7-AA25-3EDCF8D234AE}.Debug|Windows Phone 8.Build.0 = Debug|Any CPU
		{35A9C699-671D-41B7-AA25-3EDCF8D234AE}.Debug|Windows-AnyCPU.ActiveCfg = Debug|Any CPU
		{35A9C699-671D-41B7-AA25-3EDCF8D234AE}.Debug|Windows-AnyCPU.Build.0 = Debug|Any CPU
		{35A9C699-671D-41B7-AA25-3EDCF8D234AE}.Debug|Windows-ARM.ActiveCfg = Debug|Any CPU
		{35A9C699-671D-41B7-AA25-3EDCF8D234AE}.Debug|Windows-ARM.Build.0 = Debug|Any CPU
		{35A9C699-671D-41B7-AA25-3EDCF8D234AE}.Debug|Windows-x64.ActiveCfg = Debug|Any CPU
		{35A9C699-671D-41B7-AA25-3EDCF8D234AE}.Debug|Windows-x64.Build.0 = Debug|Any CPU
		{35A9C699-671D-41B7-AA25-3EDCF8D234AE}.Debug|Windows-x86.ActiveCfg = Debug|Any CPU
		{35A9C699-671D-41B7-AA25-3EDCF8D234AE}.Debug|Windows-x86.Build.0 = Debug|Any CPU
		{35A9C699-671D-41B7-AA25-3EDCF8D234AE}.Debug|x64.ActiveCfg = Debug|Any CPU
		{35A9C699-671D-41B7-AA25-3EDCF8D234AE}.Debug|x64.Build.0 = Debug|Any CPU
		{35A9C699-671D-41B7-AA25-3EDCF8D234AE}.Debug|x86.ActiveCfg = Debug|Any CPU
		{35A9C699-671D-41B7-AA25-3EDCF8D234AE}.Debug|x86.Build.0 = Debug|Any CPU
		{35A9C699-671D-41B7-AA25-3EDCF8D234AE}.Release|Android.ActiveCfg = Release|Any CPU
		{35A9C699-671D-41B7-AA25-3EDCF8D234AE}.Release|Android.Build.0 = Release|Any CPU
		{35A9C699-671D-41B7-AA25-3EDCF8D234AE}.Release|Any CPU.ActiveCfg = Release|Any CPU
		{35A9C699-671D-41B7-AA25-3EDCF8D234AE}.Release|Any CPU.Build.0 = Release|Any CPU
		{35A9C699-671D-41B7-AA25-3EDCF8D234AE}.Release|ARM.ActiveCfg = Release|Any CPU
		{35A9C699-671D-41B7-AA25-3EDCF8D234AE}.Release|ARM.Build.0 = Release|Any CPU
		{35A9C699-671D-41B7-AA25-3EDCF8D234AE}.Release|iOS.ActiveCfg = Release|Any CPU
		{35A9C699-671D-41B7-AA25-3EDCF8D234AE}.Release|iOS.Build.0 = Release|Any CPU
		{35A9C699-671D-41B7-AA25-3EDCF8D234AE}.Release|Windows Phone (Universal).ActiveCfg = Release|Any CPU
		{35A9C699-671D-41B7-AA25-3EDCF8D234AE}.Release|Windows Phone (Universal).Build.0 = Release|Any CPU
		{35A9C699-671D-41B7-AA25-3EDCF8D234AE}.Release|Windows Phone 8.ActiveCfg = Release|Any CPU
		{35A9C699-671D-41B7-AA25-3EDCF8D234AE}.Release|Windows Phone 8.Build.0 = Release|Any CPU
		{35A9C699-671D-41B7-AA25-3EDCF8D234AE}.Release|Windows-AnyCPU.ActiveCfg = Release|Any CPU
		{35A9C699-671D-41B7-AA25-3EDCF8D234AE}.Release|Windows-AnyCPU.Build.0 = Release|Any CPU
		{35A9C699-671D-41B7-AA25-3EDCF8D234AE}.Release|Windows-ARM.ActiveCfg = Release|Any CPU
		{35A9C699-671D-41B7-AA25-3EDCF8D234AE}.Release|Windows-ARM.Build.0 = Release|Any CPU
		{35A9C699-671D-41B7-AA25-3EDCF8D234AE}.Release|Windows-x64.ActiveCfg = Release|Any CPU
		{35A9C699-671D-41B7-AA25-3EDCF8D234AE}.Release|Windows-x64.Build.0 = Release|Any CPU
		{35A9C699-671D-41B7-AA25-3EDCF8D234AE}.Release|Windows-x86.ActiveCfg = Release|Any CPU
		{35A9C699-671D-41B7-AA25-3EDCF8D234AE}.Release|Windows-x86.Build.0 = Release|Any CPU
		{35A9C699-671D-41B7-AA25-3EDCF8D234AE}.Release|x64.ActiveCfg = Release|Any CPU
		{35A9C699-671D-41B7-AA25-3EDCF8D234AE}.Release|x64.Build.0 = Release|Any CPU
		{35A9C699-671D-41B7-AA25-3EDCF8D234AE}.Release|x86.ActiveCfg = Release|Any CPU
		{35A9C699-671D-41B7-AA25-3EDCF8D234AE}.Release|x86.Build.0 = Release|Any CPU
		{35A9C699-671D-41B7-AA25-3EDCF8D234AE}.UnitTest|Android.ActiveCfg = UnitTest|Any CPU
		{35A9C699-671D-41B7-AA25-3EDCF8D234AE}.UnitTest|Android.Build.0 = UnitTest|Any CPU
		{35A9C699-671D-41B7-AA25-3EDCF8D234AE}.UnitTest|Any CPU.ActiveCfg = UnitTest|Any CPU
		{35A9C699-671D-41B7-AA25-3EDCF8D234AE}.UnitTest|Any CPU.Build.0 = UnitTest|Any CPU
		{35A9C699-671D-41B7-AA25-3EDCF8D234AE}.UnitTest|ARM.ActiveCfg = UnitTest|Any CPU
		{35A9C699-671D-41B7-AA25-3EDCF8D234AE}.UnitTest|ARM.Build.0 = UnitTest|Any CPU
		{35A9C699-671D-41B7-AA25-3EDCF8D234AE}.UnitTest|iOS.ActiveCfg = UnitTest|Any CPU
		{35A9C699-671D-41B7-AA25-3EDCF8D234AE}.UnitTest|iOS.Build.0 = UnitTest|Any CPU
		{35A9C699-671D-41B7-AA25-3EDCF8D234AE}.UnitTest|Windows Phone (Universal).ActiveCfg = UnitTest|Any CPU
		{35A9C699-671D-41B7-AA25-3EDCF8D234AE}.UnitTest|Windows Phone (Universal).Build.0 = UnitTest|Any CPU
		{35A9C699-671D-41B7-AA25-3EDCF8D234AE}.UnitTest|Windows Phone 8.ActiveCfg = UnitTest|Any CPU
		{35A9C699-671D-41B7-AA25-3EDCF8D234AE}.UnitTest|Windows Phone 8.Build.0 = UnitTest|Any CPU
		{35A9C699-671D-41B7-AA25-3EDCF8D234AE}.UnitTest|Windows-AnyCPU.ActiveCfg = UnitTest|Any CPU
		{35A9C699-671D-41B7-AA25-3EDCF8D234AE}.UnitTest|Windows-AnyCPU.Build.0 = UnitTest|Any CPU
		{35A9C699-671D-41B7-AA25-3EDCF8D234AE}.UnitTest|Windows-ARM.ActiveCfg = UnitTest|Any CPU
		{35A9C699-671D-41B7-AA25-3EDCF8D234AE}.UnitTest|Windows-ARM.Build.0 = UnitTest|Any CPU
		{35A9C699-671D-41B7-AA25-3EDCF8D234AE}.UnitTest|Windows-x64.ActiveCfg = UnitTest|Any CPU
		{35A9C699-671D-41B7-AA25-3EDCF8D234AE}.UnitTest|Windows-x64.Build.0 = UnitTest|Any CPU
		{35A9C699-671D-41B7-AA25-3EDCF8D234AE}.UnitTest|Windows-x86.ActiveCfg = UnitTest|Any CPU
		{35A9C699-671D-41B7-AA25-3EDCF8D234AE}.UnitTest|Windows-x86.Build.0 = UnitTest|Any CPU
		{35A9C699-671D-41B7-AA25-3EDCF8D234AE}.UnitTest|x64.ActiveCfg = UnitTest|Any CPU
		{35A9C699-671D-41B7-AA25-3EDCF8D234AE}.UnitTest|x64.Build.0 = UnitTest|Any CPU
		{35A9C699-671D-41B7-AA25-3EDCF8D234AE}.UnitTest|x86.ActiveCfg = UnitTest|Any CPU
		{35A9C699-671D-41B7-AA25-3EDCF8D234AE}.UnitTest|x86.Build.0 = UnitTest|Any CPU
		{2B12BFFB-F941-4910-BD0C-8BA173E714F2}.Debug|Android.ActiveCfg = Debug|Any CPU
		{2B12BFFB-F941-4910-BD0C-8BA173E714F2}.Debug|Android.Build.0 = Debug|Any CPU
		{2B12BFFB-F941-4910-BD0C-8BA173E714F2}.Debug|Any CPU.ActiveCfg = Debug|Any CPU
		{2B12BFFB-F941-4910-BD0C-8BA173E714F2}.Debug|Any CPU.Build.0 = Debug|Any CPU
		{2B12BFFB-F941-4910-BD0C-8BA173E714F2}.Debug|ARM.ActiveCfg = Debug|Any CPU
		{2B12BFFB-F941-4910-BD0C-8BA173E714F2}.Debug|ARM.Build.0 = Debug|Any CPU
		{2B12BFFB-F941-4910-BD0C-8BA173E714F2}.Debug|iOS.ActiveCfg = Debug|Any CPU
		{2B12BFFB-F941-4910-BD0C-8BA173E714F2}.Debug|iOS.Build.0 = Debug|Any CPU
		{2B12BFFB-F941-4910-BD0C-8BA173E714F2}.Debug|Windows Phone (Universal).ActiveCfg = Debug|Any CPU
		{2B12BFFB-F941-4910-BD0C-8BA173E714F2}.Debug|Windows Phone (Universal).Build.0 = Debug|Any CPU
		{2B12BFFB-F941-4910-BD0C-8BA173E714F2}.Debug|Windows Phone 8.ActiveCfg = Debug|Any CPU
		{2B12BFFB-F941-4910-BD0C-8BA173E714F2}.Debug|Windows Phone 8.Build.0 = Debug|Any CPU
		{2B12BFFB-F941-4910-BD0C-8BA173E714F2}.Debug|Windows-AnyCPU.ActiveCfg = Debug|Any CPU
		{2B12BFFB-F941-4910-BD0C-8BA173E714F2}.Debug|Windows-AnyCPU.Build.0 = Debug|Any CPU
		{2B12BFFB-F941-4910-BD0C-8BA173E714F2}.Debug|Windows-ARM.ActiveCfg = Debug|Any CPU
		{2B12BFFB-F941-4910-BD0C-8BA173E714F2}.Debug|Windows-ARM.Build.0 = Debug|Any CPU
		{2B12BFFB-F941-4910-BD0C-8BA173E714F2}.Debug|Windows-x64.ActiveCfg = Debug|Any CPU
		{2B12BFFB-F941-4910-BD0C-8BA173E714F2}.Debug|Windows-x64.Build.0 = Debug|Any CPU
		{2B12BFFB-F941-4910-BD0C-8BA173E714F2}.Debug|Windows-x86.ActiveCfg = Debug|Any CPU
		{2B12BFFB-F941-4910-BD0C-8BA173E714F2}.Debug|Windows-x86.Build.0 = Debug|Any CPU
		{2B12BFFB-F941-4910-BD0C-8BA173E714F2}.Debug|x64.ActiveCfg = Debug|Any CPU
		{2B12BFFB-F941-4910-BD0C-8BA173E714F2}.Debug|x64.Build.0 = Debug|Any CPU
		{2B12BFFB-F941-4910-BD0C-8BA173E714F2}.Debug|x86.ActiveCfg = Debug|Any CPU
		{2B12BFFB-F941-4910-BD0C-8BA173E714F2}.Debug|x86.Build.0 = Debug|Any CPU
		{2B12BFFB-F941-4910-BD0C-8BA173E714F2}.Release|Android.ActiveCfg = UnitTest|Any CPU
		{2B12BFFB-F941-4910-BD0C-8BA173E714F2}.Release|Android.Build.0 = UnitTest|Any CPU
		{2B12BFFB-F941-4910-BD0C-8BA173E714F2}.Release|Any CPU.ActiveCfg = UnitTest|Any CPU
		{2B12BFFB-F941-4910-BD0C-8BA173E714F2}.Release|Any CPU.Build.0 = UnitTest|Any CPU
		{2B12BFFB-F941-4910-BD0C-8BA173E714F2}.Release|ARM.ActiveCfg = UnitTest|Any CPU
		{2B12BFFB-F941-4910-BD0C-8BA173E714F2}.Release|ARM.Build.0 = UnitTest|Any CPU
		{2B12BFFB-F941-4910-BD0C-8BA173E714F2}.Release|iOS.ActiveCfg = UnitTest|Any CPU
		{2B12BFFB-F941-4910-BD0C-8BA173E714F2}.Release|iOS.Build.0 = UnitTest|Any CPU
		{2B12BFFB-F941-4910-BD0C-8BA173E714F2}.Release|Windows Phone (Universal).ActiveCfg = UnitTest|Any CPU
		{2B12BFFB-F941-4910-BD0C-8BA173E714F2}.Release|Windows Phone (Universal).Build.0 = UnitTest|Any CPU
		{2B12BFFB-F941-4910-BD0C-8BA173E714F2}.Release|Windows Phone 8.ActiveCfg = UnitTest|Any CPU
		{2B12BFFB-F941-4910-BD0C-8BA173E714F2}.Release|Windows Phone 8.Build.0 = UnitTest|Any CPU
		{2B12BFFB-F941-4910-BD0C-8BA173E714F2}.Release|Windows-AnyCPU.ActiveCfg = UnitTest|Any CPU
		{2B12BFFB-F941-4910-BD0C-8BA173E714F2}.Release|Windows-AnyCPU.Build.0 = UnitTest|Any CPU
		{2B12BFFB-F941-4910-BD0C-8BA173E714F2}.Release|Windows-ARM.ActiveCfg = UnitTest|Any CPU
		{2B12BFFB-F941-4910-BD0C-8BA173E714F2}.Release|Windows-ARM.Build.0 = UnitTest|Any CPU
		{2B12BFFB-F941-4910-BD0C-8BA173E714F2}.Release|Windows-x64.ActiveCfg = UnitTest|Any CPU
		{2B12BFFB-F941-4910-BD0C-8BA173E714F2}.Release|Windows-x64.Build.0 = UnitTest|Any CPU
		{2B12BFFB-F941-4910-BD0C-8BA173E714F2}.Release|Windows-x86.ActiveCfg = UnitTest|Any CPU
		{2B12BFFB-F941-4910-BD0C-8BA173E714F2}.Release|Windows-x86.Build.0 = UnitTest|Any CPU
		{2B12BFFB-F941-4910-BD0C-8BA173E714F2}.Release|x64.ActiveCfg = UnitTest|Any CPU
		{2B12BFFB-F941-4910-BD0C-8BA173E714F2}.Release|x64.Build.0 = UnitTest|Any CPU
		{2B12BFFB-F941-4910-BD0C-8BA173E714F2}.Release|x86.ActiveCfg = UnitTest|Any CPU
		{2B12BFFB-F941-4910-BD0C-8BA173E714F2}.Release|x86.Build.0 = UnitTest|Any CPU
		{2B12BFFB-F941-4910-BD0C-8BA173E714F2}.UnitTest|Android.ActiveCfg = UnitTest|Any CPU
		{2B12BFFB-F941-4910-BD0C-8BA173E714F2}.UnitTest|Android.Build.0 = UnitTest|Any CPU
		{2B12BFFB-F941-4910-BD0C-8BA173E714F2}.UnitTest|Any CPU.ActiveCfg = UnitTest|Any CPU
		{2B12BFFB-F941-4910-BD0C-8BA173E714F2}.UnitTest|Any CPU.Build.0 = UnitTest|Any CPU
		{2B12BFFB-F941-4910-BD0C-8BA173E714F2}.UnitTest|ARM.ActiveCfg = UnitTest|Any CPU
		{2B12BFFB-F941-4910-BD0C-8BA173E714F2}.UnitTest|ARM.Build.0 = UnitTest|Any CPU
		{2B12BFFB-F941-4910-BD0C-8BA173E714F2}.UnitTest|iOS.ActiveCfg = UnitTest|Any CPU
		{2B12BFFB-F941-4910-BD0C-8BA173E714F2}.UnitTest|iOS.Build.0 = UnitTest|Any CPU
		{2B12BFFB-F941-4910-BD0C-8BA173E714F2}.UnitTest|Windows Phone (Universal).ActiveCfg = UnitTest|Any CPU
		{2B12BFFB-F941-4910-BD0C-8BA173E714F2}.UnitTest|Windows Phone (Universal).Build.0 = UnitTest|Any CPU
		{2B12BFFB-F941-4910-BD0C-8BA173E714F2}.UnitTest|Windows Phone 8.ActiveCfg = UnitTest|Any CPU
		{2B12BFFB-F941-4910-BD0C-8BA173E714F2}.UnitTest|Windows Phone 8.Build.0 = UnitTest|Any CPU
		{2B12BFFB-F941-4910-BD0C-8BA173E714F2}.UnitTest|Windows-AnyCPU.ActiveCfg = UnitTest|Any CPU
		{2B12BFFB-F941-4910-BD0C-8BA173E714F2}.UnitTest|Windows-AnyCPU.Build.0 = UnitTest|Any CPU
		{2B12BFFB-F941-4910-BD0C-8BA173E714F2}.UnitTest|Windows-ARM.ActiveCfg = UnitTest|Any CPU
		{2B12BFFB-F941-4910-BD0C-8BA173E714F2}.UnitTest|Windows-ARM.Build.0 = UnitTest|Any CPU
		{2B12BFFB-F941-4910-BD0C-8BA173E714F2}.UnitTest|Windows-x64.ActiveCfg = UnitTest|Any CPU
		{2B12BFFB-F941-4910-BD0C-8BA173E714F2}.UnitTest|Windows-x64.Build.0 = UnitTest|Any CPU
		{2B12BFFB-F941-4910-BD0C-8BA173E714F2}.UnitTest|Windows-x86.ActiveCfg = UnitTest|Any CPU
		{2B12BFFB-F941-4910-BD0C-8BA173E714F2}.UnitTest|Windows-x86.Build.0 = UnitTest|Any CPU
		{2B12BFFB-F941-4910-BD0C-8BA173E714F2}.UnitTest|x64.ActiveCfg = UnitTest|Any CPU
		{2B12BFFB-F941-4910-BD0C-8BA173E714F2}.UnitTest|x64.Build.0 = UnitTest|Any CPU
		{2B12BFFB-F941-4910-BD0C-8BA173E714F2}.UnitTest|x86.ActiveCfg = UnitTest|Any CPU
		{2B12BFFB-F941-4910-BD0C-8BA173E714F2}.UnitTest|x86.Build.0 = UnitTest|Any CPU
		{F734CF51-1AF2-40FC-8A3C-CE496C871B8C}.Debug|Android.ActiveCfg = Debug|Any CPU
		{F734CF51-1AF2-40FC-8A3C-CE496C871B8C}.Debug|Android.Build.0 = Debug|Any CPU
		{F734CF51-1AF2-40FC-8A3C-CE496C871B8C}.Debug|Any CPU.ActiveCfg = Debug|Any CPU
		{F734CF51-1AF2-40FC-8A3C-CE496C871B8C}.Debug|Any CPU.Build.0 = Debug|Any CPU
		{F734CF51-1AF2-40FC-8A3C-CE496C871B8C}.Debug|ARM.ActiveCfg = Debug|Any CPU
		{F734CF51-1AF2-40FC-8A3C-CE496C871B8C}.Debug|ARM.Build.0 = Debug|Any CPU
		{F734CF51-1AF2-40FC-8A3C-CE496C871B8C}.Debug|iOS.ActiveCfg = Debug|Any CPU
		{F734CF51-1AF2-40FC-8A3C-CE496C871B8C}.Debug|iOS.Build.0 = Debug|Any CPU
		{F734CF51-1AF2-40FC-8A3C-CE496C871B8C}.Debug|Windows Phone (Universal).ActiveCfg = Debug|Any CPU
		{F734CF51-1AF2-40FC-8A3C-CE496C871B8C}.Debug|Windows Phone (Universal).Build.0 = Debug|Any CPU
		{F734CF51-1AF2-40FC-8A3C-CE496C871B8C}.Debug|Windows Phone 8.ActiveCfg = Debug|Any CPU
		{F734CF51-1AF2-40FC-8A3C-CE496C871B8C}.Debug|Windows Phone 8.Build.0 = Debug|Any CPU
		{F734CF51-1AF2-40FC-8A3C-CE496C871B8C}.Debug|Windows-AnyCPU.ActiveCfg = Debug|Any CPU
		{F734CF51-1AF2-40FC-8A3C-CE496C871B8C}.Debug|Windows-AnyCPU.Build.0 = Debug|Any CPU
		{F734CF51-1AF2-40FC-8A3C-CE496C871B8C}.Debug|Windows-ARM.ActiveCfg = Debug|Any CPU
		{F734CF51-1AF2-40FC-8A3C-CE496C871B8C}.Debug|Windows-ARM.Build.0 = Debug|Any CPU
		{F734CF51-1AF2-40FC-8A3C-CE496C871B8C}.Debug|Windows-x64.ActiveCfg = Debug|Any CPU
		{F734CF51-1AF2-40FC-8A3C-CE496C871B8C}.Debug|Windows-x64.Build.0 = Debug|Any CPU
		{F734CF51-1AF2-40FC-8A3C-CE496C871B8C}.Debug|Windows-x86.ActiveCfg = Debug|Any CPU
		{F734CF51-1AF2-40FC-8A3C-CE496C871B8C}.Debug|Windows-x86.Build.0 = Debug|Any CPU
		{F734CF51-1AF2-40FC-8A3C-CE496C871B8C}.Debug|x64.ActiveCfg = Debug|Any CPU
		{F734CF51-1AF2-40FC-8A3C-CE496C871B8C}.Debug|x64.Build.0 = Debug|Any CPU
		{F734CF51-1AF2-40FC-8A3C-CE496C871B8C}.Debug|x86.ActiveCfg = Debug|Any CPU
		{F734CF51-1AF2-40FC-8A3C-CE496C871B8C}.Debug|x86.Build.0 = Debug|Any CPU
		{F734CF51-1AF2-40FC-8A3C-CE496C871B8C}.Release|Android.ActiveCfg = Release|Any CPU
		{F734CF51-1AF2-40FC-8A3C-CE496C871B8C}.Release|Android.Build.0 = Release|Any CPU
		{F734CF51-1AF2-40FC-8A3C-CE496C871B8C}.Release|Any CPU.ActiveCfg = Release|Any CPU
		{F734CF51-1AF2-40FC-8A3C-CE496C871B8C}.Release|Any CPU.Build.0 = Release|Any CPU
		{F734CF51-1AF2-40FC-8A3C-CE496C871B8C}.Release|ARM.ActiveCfg = Release|Any CPU
		{F734CF51-1AF2-40FC-8A3C-CE496C871B8C}.Release|ARM.Build.0 = Release|Any CPU
		{F734CF51-1AF2-40FC-8A3C-CE496C871B8C}.Release|iOS.ActiveCfg = Release|Any CPU
		{F734CF51-1AF2-40FC-8A3C-CE496C871B8C}.Release|iOS.Build.0 = Release|Any CPU
		{F734CF51-1AF2-40FC-8A3C-CE496C871B8C}.Release|Windows Phone (Universal).ActiveCfg = Release|Any CPU
		{F734CF51-1AF2-40FC-8A3C-CE496C871B8C}.Release|Windows Phone (Universal).Build.0 = Release|Any CPU
		{F734CF51-1AF2-40FC-8A3C-CE496C871B8C}.Release|Windows Phone 8.ActiveCfg = Release|Any CPU
		{F734CF51-1AF2-40FC-8A3C-CE496C871B8C}.Release|Windows Phone 8.Build.0 = Release|Any CPU
		{F734CF51-1AF2-40FC-8A3C-CE496C871B8C}.Release|Windows-AnyCPU.ActiveCfg = Release|Any CPU
		{F734CF51-1AF2-40FC-8A3C-CE496C871B8C}.Release|Windows-AnyCPU.Build.0 = Release|Any CPU
		{F734CF51-1AF2-40FC-8A3C-CE496C871B8C}.Release|Windows-ARM.ActiveCfg = Release|Any CPU
		{F734CF51-1AF2-40FC-8A3C-CE496C871B8C}.Release|Windows-ARM.Build.0 = Release|Any CPU
		{F734CF51-1AF2-40FC-8A3C-CE496C871B8C}.Release|Windows-x64.ActiveCfg = Release|Any CPU
		{F734CF51-1AF2-40FC-8A3C-CE496C871B8C}.Release|Windows-x64.Build.0 = Release|Any CPU
		{F734CF51-1AF2-40FC-8A3C-CE496C871B8C}.Release|Windows-x86.ActiveCfg = Release|Any CPU
		{F734CF51-1AF2-40FC-8A3C-CE496C871B8C}.Release|Windows-x86.Build.0 = Release|Any CPU
		{F734CF51-1AF2-40FC-8A3C-CE496C871B8C}.Release|x64.ActiveCfg = Release|Any CPU
		{F734CF51-1AF2-40FC-8A3C-CE496C871B8C}.Release|x64.Build.0 = Release|Any CPU
		{F734CF51-1AF2-40FC-8A3C-CE496C871B8C}.Release|x86.ActiveCfg = Release|Any CPU
		{F734CF51-1AF2-40FC-8A3C-CE496C871B8C}.Release|x86.Build.0 = Release|Any CPU
		{F734CF51-1AF2-40FC-8A3C-CE496C871B8C}.UnitTest|Android.ActiveCfg = Release|Any CPU
		{F734CF51-1AF2-40FC-8A3C-CE496C871B8C}.UnitTest|Android.Build.0 = Release|Any CPU
		{F734CF51-1AF2-40FC-8A3C-CE496C871B8C}.UnitTest|Any CPU.ActiveCfg = Release|Any CPU
		{F734CF51-1AF2-40FC-8A3C-CE496C871B8C}.UnitTest|Any CPU.Build.0 = Release|Any CPU
		{F734CF51-1AF2-40FC-8A3C-CE496C871B8C}.UnitTest|ARM.ActiveCfg = Release|Any CPU
		{F734CF51-1AF2-40FC-8A3C-CE496C871B8C}.UnitTest|ARM.Build.0 = Release|Any CPU
		{F734CF51-1AF2-40FC-8A3C-CE496C871B8C}.UnitTest|iOS.ActiveCfg = Release|Any CPU
		{F734CF51-1AF2-40FC-8A3C-CE496C871B8C}.UnitTest|iOS.Build.0 = Release|Any CPU
		{F734CF51-1AF2-40FC-8A3C-CE496C871B8C}.UnitTest|Windows Phone (Universal).ActiveCfg = Release|Any CPU
		{F734CF51-1AF2-40FC-8A3C-CE496C871B8C}.UnitTest|Windows Phone (Universal).Build.0 = Release|Any CPU
		{F734CF51-1AF2-40FC-8A3C-CE496C871B8C}.UnitTest|Windows Phone 8.ActiveCfg = Release|Any CPU
		{F734CF51-1AF2-40FC-8A3C-CE496C871B8C}.UnitTest|Windows Phone 8.Build.0 = Release|Any CPU
		{F734CF51-1AF2-40FC-8A3C-CE496C871B8C}.UnitTest|Windows-AnyCPU.ActiveCfg = Release|Any CPU
		{F734CF51-1AF2-40FC-8A3C-CE496C871B8C}.UnitTest|Windows-AnyCPU.Build.0 = Release|Any CPU
		{F734CF51-1AF2-40FC-8A3C-CE496C871B8C}.UnitTest|Windows-ARM.ActiveCfg = Release|Any CPU
		{F734CF51-1AF2-40FC-8A3C-CE496C871B8C}.UnitTest|Windows-ARM.Build.0 = Release|Any CPU
		{F734CF51-1AF2-40FC-8A3C-CE496C871B8C}.UnitTest|Windows-x64.ActiveCfg = Release|Any CPU
		{F734CF51-1AF2-40FC-8A3C-CE496C871B8C}.UnitTest|Windows-x64.Build.0 = Release|Any CPU
		{F734CF51-1AF2-40FC-8A3C-CE496C871B8C}.UnitTest|Windows-x86.ActiveCfg = Release|Any CPU
		{F734CF51-1AF2-40FC-8A3C-CE496C871B8C}.UnitTest|Windows-x86.Build.0 = Release|Any CPU
		{F734CF51-1AF2-40FC-8A3C-CE496C871B8C}.UnitTest|x64.ActiveCfg = Release|Any CPU
		{F734CF51-1AF2-40FC-8A3C-CE496C871B8C}.UnitTest|x64.Build.0 = Release|Any CPU
		{F734CF51-1AF2-40FC-8A3C-CE496C871B8C}.UnitTest|x86.ActiveCfg = Release|Any CPU
		{F734CF51-1AF2-40FC-8A3C-CE496C871B8C}.UnitTest|x86.Build.0 = Release|Any CPU
		{6DBD6491-7106-4110-A08E-750C3F720569}.Debug|Android.ActiveCfg = Debug|Any CPU
		{6DBD6491-7106-4110-A08E-750C3F720569}.Debug|Android.Build.0 = Debug|Any CPU
		{6DBD6491-7106-4110-A08E-750C3F720569}.Debug|Any CPU.ActiveCfg = Debug|Any CPU
		{6DBD6491-7106-4110-A08E-750C3F720569}.Debug|Any CPU.Build.0 = Debug|Any CPU
		{6DBD6491-7106-4110-A08E-750C3F720569}.Debug|ARM.ActiveCfg = Debug|Any CPU
		{6DBD6491-7106-4110-A08E-750C3F720569}.Debug|ARM.Build.0 = Debug|Any CPU
		{6DBD6491-7106-4110-A08E-750C3F720569}.Debug|iOS.ActiveCfg = Debug|Any CPU
		{6DBD6491-7106-4110-A08E-750C3F720569}.Debug|iOS.Build.0 = Debug|Any CPU
		{6DBD6491-7106-4110-A08E-750C3F720569}.Debug|Windows Phone (Universal).ActiveCfg = Debug|Any CPU
		{6DBD6491-7106-4110-A08E-750C3F720569}.Debug|Windows Phone (Universal).Build.0 = Debug|Any CPU
		{6DBD6491-7106-4110-A08E-750C3F720569}.Debug|Windows Phone 8.ActiveCfg = Debug|Any CPU
		{6DBD6491-7106-4110-A08E-750C3F720569}.Debug|Windows Phone 8.Build.0 = Debug|Any CPU
		{6DBD6491-7106-4110-A08E-750C3F720569}.Debug|Windows-AnyCPU.ActiveCfg = Debug|Any CPU
		{6DBD6491-7106-4110-A08E-750C3F720569}.Debug|Windows-AnyCPU.Build.0 = Debug|Any CPU
		{6DBD6491-7106-4110-A08E-750C3F720569}.Debug|Windows-ARM.ActiveCfg = Debug|Any CPU
		{6DBD6491-7106-4110-A08E-750C3F720569}.Debug|Windows-ARM.Build.0 = Debug|Any CPU
		{6DBD6491-7106-4110-A08E-750C3F720569}.Debug|Windows-x64.ActiveCfg = Debug|Any CPU
		{6DBD6491-7106-4110-A08E-750C3F720569}.Debug|Windows-x64.Build.0 = Debug|Any CPU
		{6DBD6491-7106-4110-A08E-750C3F720569}.Debug|Windows-x86.ActiveCfg = Debug|Any CPU
		{6DBD6491-7106-4110-A08E-750C3F720569}.Debug|Windows-x86.Build.0 = Debug|Any CPU
		{6DBD6491-7106-4110-A08E-750C3F720569}.Debug|x64.ActiveCfg = Debug|Any CPU
		{6DBD6491-7106-4110-A08E-750C3F720569}.Debug|x64.Build.0 = Debug|Any CPU
		{6DBD6491-7106-4110-A08E-750C3F720569}.Debug|x86.ActiveCfg = Debug|Any CPU
		{6DBD6491-7106-4110-A08E-750C3F720569}.Debug|x86.Build.0 = Debug|Any CPU
		{6DBD6491-7106-4110-A08E-750C3F720569}.Release|Android.ActiveCfg = Release|Any CPU
		{6DBD6491-7106-4110-A08E-750C3F720569}.Release|Android.Build.0 = Release|Any CPU
		{6DBD6491-7106-4110-A08E-750C3F720569}.Release|Any CPU.ActiveCfg = Release|Any CPU
		{6DBD6491-7106-4110-A08E-750C3F720569}.Release|Any CPU.Build.0 = Release|Any CPU
		{6DBD6491-7106-4110-A08E-750C3F720569}.Release|ARM.ActiveCfg = Release|Any CPU
		{6DBD6491-7106-4110-A08E-750C3F720569}.Release|ARM.Build.0 = Release|Any CPU
		{6DBD6491-7106-4110-A08E-750C3F720569}.Release|iOS.ActiveCfg = Release|Any CPU
		{6DBD6491-7106-4110-A08E-750C3F720569}.Release|iOS.Build.0 = Release|Any CPU
		{6DBD6491-7106-4110-A08E-750C3F720569}.Release|Windows Phone (Universal).ActiveCfg = Release|Any CPU
		{6DBD6491-7106-4110-A08E-750C3F720569}.Release|Windows Phone (Universal).Build.0 = Release|Any CPU
		{6DBD6491-7106-4110-A08E-750C3F720569}.Release|Windows Phone 8.ActiveCfg = Release|Any CPU
		{6DBD6491-7106-4110-A08E-750C3F720569}.Release|Windows Phone 8.Build.0 = Release|Any CPU
		{6DBD6491-7106-4110-A08E-750C3F720569}.Release|Windows-AnyCPU.ActiveCfg = Release|Any CPU
		{6DBD6491-7106-4110-A08E-750C3F720569}.Release|Windows-AnyCPU.Build.0 = Release|Any CPU
		{6DBD6491-7106-4110-A08E-750C3F720569}.Release|Windows-ARM.ActiveCfg = Release|Any CPU
		{6DBD6491-7106-4110-A08E-750C3F720569}.Release|Windows-ARM.Build.0 = Release|Any CPU
		{6DBD6491-7106-4110-A08E-750C3F720569}.Release|Windows-x64.ActiveCfg = Release|Any CPU
		{6DBD6491-7106-4110-A08E-750C3F720569}.Release|Windows-x64.Build.0 = Release|Any CPU
		{6DBD6491-7106-4110-A08E-750C3F720569}.Release|Windows-x86.ActiveCfg = Release|Any CPU
		{6DBD6491-7106-4110-A08E-750C3F720569}.Release|Windows-x86.Build.0 = Release|Any CPU
		{6DBD6491-7106-4110-A08E-750C3F720569}.Release|x64.ActiveCfg = Release|Any CPU
		{6DBD6491-7106-4110-A08E-750C3F720569}.Release|x64.Build.0 = Release|Any CPU
		{6DBD6491-7106-4110-A08E-750C3F720569}.Release|x86.ActiveCfg = Release|Any CPU
		{6DBD6491-7106-4110-A08E-750C3F720569}.Release|x86.Build.0 = Release|Any CPU
		{6DBD6491-7106-4110-A08E-750C3F720569}.UnitTest|Android.ActiveCfg = Release|Any CPU
		{6DBD6491-7106-4110-A08E-750C3F720569}.UnitTest|Android.Build.0 = Release|Any CPU
		{6DBD6491-7106-4110-A08E-750C3F720569}.UnitTest|Any CPU.ActiveCfg = Release|Any CPU
		{6DBD6491-7106-4110-A08E-750C3F720569}.UnitTest|Any CPU.Build.0 = Release|Any CPU
		{6DBD6491-7106-4110-A08E-750C3F720569}.UnitTest|ARM.ActiveCfg = Release|Any CPU
		{6DBD6491-7106-4110-A08E-750C3F720569}.UnitTest|ARM.Build.0 = Release|Any CPU
		{6DBD6491-7106-4110-A08E-750C3F720569}.UnitTest|iOS.ActiveCfg = Release|Any CPU
		{6DBD6491-7106-4110-A08E-750C3F720569}.UnitTest|iOS.Build.0 = Release|Any CPU
		{6DBD6491-7106-4110-A08E-750C3F720569}.UnitTest|Windows Phone (Universal).ActiveCfg = Release|Any CPU
		{6DBD6491-7106-4110-A08E-750C3F720569}.UnitTest|Windows Phone (Universal).Build.0 = Release|Any CPU
		{6DBD6491-7106-4110-A08E-750C3F720569}.UnitTest|Windows Phone 8.ActiveCfg = Release|Any CPU
		{6DBD6491-7106-4110-A08E-750C3F720569}.UnitTest|Windows Phone 8.Build.0 = Release|Any CPU
		{6DBD6491-7106-4110-A08E-750C3F720569}.UnitTest|Windows-AnyCPU.ActiveCfg = Release|Any CPU
		{6DBD6491-7106-4110-A08E-750C3F720569}.UnitTest|Windows-AnyCPU.Build.0 = Release|Any CPU
		{6DBD6491-7106-4110-A08E-750C3F720569}.UnitTest|Windows-ARM.ActiveCfg = Release|Any CPU
		{6DBD6491-7106-4110-A08E-750C3F720569}.UnitTest|Windows-ARM.Build.0 = Release|Any CPU
		{6DBD6491-7106-4110-A08E-750C3F720569}.UnitTest|Windows-x64.ActiveCfg = Release|Any CPU
		{6DBD6491-7106-4110-A08E-750C3F720569}.UnitTest|Windows-x64.Build.0 = Release|Any CPU
		{6DBD6491-7106-4110-A08E-750C3F720569}.UnitTest|Windows-x86.ActiveCfg = Release|Any CPU
		{6DBD6491-7106-4110-A08E-750C3F720569}.UnitTest|Windows-x86.Build.0 = Release|Any CPU
		{6DBD6491-7106-4110-A08E-750C3F720569}.UnitTest|x64.ActiveCfg = Release|Any CPU
		{6DBD6491-7106-4110-A08E-750C3F720569}.UnitTest|x64.Build.0 = Release|Any CPU
		{6DBD6491-7106-4110-A08E-750C3F720569}.UnitTest|x86.ActiveCfg = Release|Any CPU
		{6DBD6491-7106-4110-A08E-750C3F720569}.UnitTest|x86.Build.0 = Release|Any CPU
		{CCE711BE-2AE6-4FA4-8B03-1D51C61963F1}.Debug|Android.ActiveCfg = Debug|Any CPU
		{CCE711BE-2AE6-4FA4-8B03-1D51C61963F1}.Debug|Android.Build.0 = Debug|Any CPU
		{CCE711BE-2AE6-4FA4-8B03-1D51C61963F1}.Debug|Any CPU.ActiveCfg = Debug|Any CPU
		{CCE711BE-2AE6-4FA4-8B03-1D51C61963F1}.Debug|Any CPU.Build.0 = Debug|Any CPU
		{CCE711BE-2AE6-4FA4-8B03-1D51C61963F1}.Debug|ARM.ActiveCfg = Debug|Any CPU
		{CCE711BE-2AE6-4FA4-8B03-1D51C61963F1}.Debug|ARM.Build.0 = Debug|Any CPU
		{CCE711BE-2AE6-4FA4-8B03-1D51C61963F1}.Debug|iOS.ActiveCfg = Debug|Any CPU
		{CCE711BE-2AE6-4FA4-8B03-1D51C61963F1}.Debug|iOS.Build.0 = Debug|Any CPU
		{CCE711BE-2AE6-4FA4-8B03-1D51C61963F1}.Debug|Windows Phone (Universal).ActiveCfg = Debug|Any CPU
		{CCE711BE-2AE6-4FA4-8B03-1D51C61963F1}.Debug|Windows Phone (Universal).Build.0 = Debug|Any CPU
		{CCE711BE-2AE6-4FA4-8B03-1D51C61963F1}.Debug|Windows Phone 8.ActiveCfg = Debug|Any CPU
		{CCE711BE-2AE6-4FA4-8B03-1D51C61963F1}.Debug|Windows Phone 8.Build.0 = Debug|Any CPU
		{CCE711BE-2AE6-4FA4-8B03-1D51C61963F1}.Debug|Windows-AnyCPU.ActiveCfg = Debug|Any CPU
		{CCE711BE-2AE6-4FA4-8B03-1D51C61963F1}.Debug|Windows-AnyCPU.Build.0 = Debug|Any CPU
		{CCE711BE-2AE6-4FA4-8B03-1D51C61963F1}.Debug|Windows-ARM.ActiveCfg = Debug|Any CPU
		{CCE711BE-2AE6-4FA4-8B03-1D51C61963F1}.Debug|Windows-ARM.Build.0 = Debug|Any CPU
		{CCE711BE-2AE6-4FA4-8B03-1D51C61963F1}.Debug|Windows-x64.ActiveCfg = Debug|Any CPU
		{CCE711BE-2AE6-4FA4-8B03-1D51C61963F1}.Debug|Windows-x64.Build.0 = Debug|Any CPU
		{CCE711BE-2AE6-4FA4-8B03-1D51C61963F1}.Debug|Windows-x86.ActiveCfg = Debug|Any CPU
		{CCE711BE-2AE6-4FA4-8B03-1D51C61963F1}.Debug|Windows-x86.Build.0 = Debug|Any CPU
		{CCE711BE-2AE6-4FA4-8B03-1D51C61963F1}.Debug|x64.ActiveCfg = Debug|Any CPU
		{CCE711BE-2AE6-4FA4-8B03-1D51C61963F1}.Debug|x64.Build.0 = Debug|Any CPU
		{CCE711BE-2AE6-4FA4-8B03-1D51C61963F1}.Debug|x86.ActiveCfg = Debug|Any CPU
		{CCE711BE-2AE6-4FA4-8B03-1D51C61963F1}.Debug|x86.Build.0 = Debug|Any CPU
		{CCE711BE-2AE6-4FA4-8B03-1D51C61963F1}.Release|Android.ActiveCfg = Release|Any CPU
		{CCE711BE-2AE6-4FA4-8B03-1D51C61963F1}.Release|Android.Build.0 = Release|Any CPU
		{CCE711BE-2AE6-4FA4-8B03-1D51C61963F1}.Release|Any CPU.ActiveCfg = Release|Any CPU
		{CCE711BE-2AE6-4FA4-8B03-1D51C61963F1}.Release|Any CPU.Build.0 = Release|Any CPU
		{CCE711BE-2AE6-4FA4-8B03-1D51C61963F1}.Release|ARM.ActiveCfg = Release|Any CPU
		{CCE711BE-2AE6-4FA4-8B03-1D51C61963F1}.Release|ARM.Build.0 = Release|Any CPU
		{CCE711BE-2AE6-4FA4-8B03-1D51C61963F1}.Release|iOS.ActiveCfg = Release|Any CPU
		{CCE711BE-2AE6-4FA4-8B03-1D51C61963F1}.Release|iOS.Build.0 = Release|Any CPU
		{CCE711BE-2AE6-4FA4-8B03-1D51C61963F1}.Release|Windows Phone (Universal).ActiveCfg = Release|Any CPU
		{CCE711BE-2AE6-4FA4-8B03-1D51C61963F1}.Release|Windows Phone (Universal).Build.0 = Release|Any CPU
		{CCE711BE-2AE6-4FA4-8B03-1D51C61963F1}.Release|Windows Phone 8.ActiveCfg = Release|Any CPU
		{CCE711BE-2AE6-4FA4-8B03-1D51C61963F1}.Release|Windows Phone 8.Build.0 = Release|Any CPU
		{CCE711BE-2AE6-4FA4-8B03-1D51C61963F1}.Release|Windows-AnyCPU.ActiveCfg = Release|Any CPU
		{CCE711BE-2AE6-4FA4-8B03-1D51C61963F1}.Release|Windows-AnyCPU.Build.0 = Release|Any CPU
		{CCE711BE-2AE6-4FA4-8B03-1D51C61963F1}.Release|Windows-ARM.ActiveCfg = Release|Any CPU
		{CCE711BE-2AE6-4FA4-8B03-1D51C61963F1}.Release|Windows-ARM.Build.0 = Release|Any CPU
		{CCE711BE-2AE6-4FA4-8B03-1D51C61963F1}.Release|Windows-x64.ActiveCfg = Release|Any CPU
		{CCE711BE-2AE6-4FA4-8B03-1D51C61963F1}.Release|Windows-x64.Build.0 = Release|Any CPU
		{CCE711BE-2AE6-4FA4-8B03-1D51C61963F1}.Release|Windows-x86.ActiveCfg = Release|Any CPU
		{CCE711BE-2AE6-4FA4-8B03-1D51C61963F1}.Release|Windows-x86.Build.0 = Release|Any CPU
		{CCE711BE-2AE6-4FA4-8B03-1D51C61963F1}.Release|x64.ActiveCfg = Release|Any CPU
		{CCE711BE-2AE6-4FA4-8B03-1D51C61963F1}.Release|x64.Build.0 = Release|Any CPU
		{CCE711BE-2AE6-4FA4-8B03-1D51C61963F1}.Release|x86.ActiveCfg = Release|Any CPU
		{CCE711BE-2AE6-4FA4-8B03-1D51C61963F1}.Release|x86.Build.0 = Release|Any CPU
		{CCE711BE-2AE6-4FA4-8B03-1D51C61963F1}.UnitTest|Android.ActiveCfg = Release|Any CPU
		{CCE711BE-2AE6-4FA4-8B03-1D51C61963F1}.UnitTest|Android.Build.0 = Release|Any CPU
		{CCE711BE-2AE6-4FA4-8B03-1D51C61963F1}.UnitTest|Any CPU.ActiveCfg = Release|Any CPU
		{CCE711BE-2AE6-4FA4-8B03-1D51C61963F1}.UnitTest|Any CPU.Build.0 = Release|Any CPU
		{CCE711BE-2AE6-4FA4-8B03-1D51C61963F1}.UnitTest|ARM.ActiveCfg = Release|Any CPU
		{CCE711BE-2AE6-4FA4-8B03-1D51C61963F1}.UnitTest|ARM.Build.0 = Release|Any CPU
		{CCE711BE-2AE6-4FA4-8B03-1D51C61963F1}.UnitTest|iOS.ActiveCfg = Release|Any CPU
		{CCE711BE-2AE6-4FA4-8B03-1D51C61963F1}.UnitTest|iOS.Build.0 = Release|Any CPU
		{CCE711BE-2AE6-4FA4-8B03-1D51C61963F1}.UnitTest|Windows Phone (Universal).ActiveCfg = Release|Any CPU
		{CCE711BE-2AE6-4FA4-8B03-1D51C61963F1}.UnitTest|Windows Phone (Universal).Build.0 = Release|Any CPU
		{CCE711BE-2AE6-4FA4-8B03-1D51C61963F1}.UnitTest|Windows Phone 8.ActiveCfg = Release|Any CPU
		{CCE711BE-2AE6-4FA4-8B03-1D51C61963F1}.UnitTest|Windows Phone 8.Build.0 = Release|Any CPU
		{CCE711BE-2AE6-4FA4-8B03-1D51C61963F1}.UnitTest|Windows-AnyCPU.ActiveCfg = Release|Any CPU
		{CCE711BE-2AE6-4FA4-8B03-1D51C61963F1}.UnitTest|Windows-AnyCPU.Build.0 = Release|Any CPU
		{CCE711BE-2AE6-4FA4-8B03-1D51C61963F1}.UnitTest|Windows-ARM.ActiveCfg = Release|Any CPU
		{CCE711BE-2AE6-4FA4-8B03-1D51C61963F1}.UnitTest|Windows-ARM.Build.0 = Release|Any CPU
		{CCE711BE-2AE6-4FA4-8B03-1D51C61963F1}.UnitTest|Windows-x64.ActiveCfg = Release|Any CPU
		{CCE711BE-2AE6-4FA4-8B03-1D51C61963F1}.UnitTest|Windows-x64.Build.0 = Release|Any CPU
		{CCE711BE-2AE6-4FA4-8B03-1D51C61963F1}.UnitTest|Windows-x86.ActiveCfg = Release|Any CPU
		{CCE711BE-2AE6-4FA4-8B03-1D51C61963F1}.UnitTest|Windows-x86.Build.0 = Release|Any CPU
		{CCE711BE-2AE6-4FA4-8B03-1D51C61963F1}.UnitTest|x64.ActiveCfg = Release|Any CPU
		{CCE711BE-2AE6-4FA4-8B03-1D51C61963F1}.UnitTest|x64.Build.0 = Release|Any CPU
		{CCE711BE-2AE6-4FA4-8B03-1D51C61963F1}.UnitTest|x86.ActiveCfg = Release|Any CPU
		{CCE711BE-2AE6-4FA4-8B03-1D51C61963F1}.UnitTest|x86.Build.0 = Release|Any CPU
		{3E801B5A-C2C2-42D6-BE7E-A21E6D9E7B36}.Debug|Android.ActiveCfg = Debug|Any CPU
		{3E801B5A-C2C2-42D6-BE7E-A21E6D9E7B36}.Debug|Android.Build.0 = Debug|Any CPU
		{3E801B5A-C2C2-42D6-BE7E-A21E6D9E7B36}.Debug|Any CPU.ActiveCfg = Debug|Any CPU
		{3E801B5A-C2C2-42D6-BE7E-A21E6D9E7B36}.Debug|Any CPU.Build.0 = Debug|Any CPU
		{3E801B5A-C2C2-42D6-BE7E-A21E6D9E7B36}.Debug|ARM.ActiveCfg = Debug|Any CPU
		{3E801B5A-C2C2-42D6-BE7E-A21E6D9E7B36}.Debug|ARM.Build.0 = Debug|Any CPU
		{3E801B5A-C2C2-42D6-BE7E-A21E6D9E7B36}.Debug|iOS.ActiveCfg = Debug|Any CPU
		{3E801B5A-C2C2-42D6-BE7E-A21E6D9E7B36}.Debug|iOS.Build.0 = Debug|Any CPU
		{3E801B5A-C2C2-42D6-BE7E-A21E6D9E7B36}.Debug|Windows Phone (Universal).ActiveCfg = Debug|Any CPU
		{3E801B5A-C2C2-42D6-BE7E-A21E6D9E7B36}.Debug|Windows Phone (Universal).Build.0 = Debug|Any CPU
		{3E801B5A-C2C2-42D6-BE7E-A21E6D9E7B36}.Debug|Windows Phone 8.ActiveCfg = Debug|Any CPU
		{3E801B5A-C2C2-42D6-BE7E-A21E6D9E7B36}.Debug|Windows Phone 8.Build.0 = Debug|Any CPU
		{3E801B5A-C2C2-42D6-BE7E-A21E6D9E7B36}.Debug|Windows-AnyCPU.ActiveCfg = Debug|Any CPU
		{3E801B5A-C2C2-42D6-BE7E-A21E6D9E7B36}.Debug|Windows-AnyCPU.Build.0 = Debug|Any CPU
		{3E801B5A-C2C2-42D6-BE7E-A21E6D9E7B36}.Debug|Windows-ARM.ActiveCfg = Debug|Any CPU
		{3E801B5A-C2C2-42D6-BE7E-A21E6D9E7B36}.Debug|Windows-ARM.Build.0 = Debug|Any CPU
		{3E801B5A-C2C2-42D6-BE7E-A21E6D9E7B36}.Debug|Windows-x64.ActiveCfg = Debug|Any CPU
		{3E801B5A-C2C2-42D6-BE7E-A21E6D9E7B36}.Debug|Windows-x64.Build.0 = Debug|Any CPU
		{3E801B5A-C2C2-42D6-BE7E-A21E6D9E7B36}.Debug|Windows-x86.ActiveCfg = Debug|Any CPU
		{3E801B5A-C2C2-42D6-BE7E-A21E6D9E7B36}.Debug|Windows-x86.Build.0 = Debug|Any CPU
		{3E801B5A-C2C2-42D6-BE7E-A21E6D9E7B36}.Debug|x64.ActiveCfg = Debug|Any CPU
		{3E801B5A-C2C2-42D6-BE7E-A21E6D9E7B36}.Debug|x64.Build.0 = Debug|Any CPU
		{3E801B5A-C2C2-42D6-BE7E-A21E6D9E7B36}.Debug|x86.ActiveCfg = Debug|Any CPU
		{3E801B5A-C2C2-42D6-BE7E-A21E6D9E7B36}.Debug|x86.Build.0 = Debug|Any CPU
		{3E801B5A-C2C2-42D6-BE7E-A21E6D9E7B36}.Release|Android.ActiveCfg = Release|Any CPU
		{3E801B5A-C2C2-42D6-BE7E-A21E6D9E7B36}.Release|Android.Build.0 = Release|Any CPU
		{3E801B5A-C2C2-42D6-BE7E-A21E6D9E7B36}.Release|Any CPU.ActiveCfg = Release|Any CPU
		{3E801B5A-C2C2-42D6-BE7E-A21E6D9E7B36}.Release|Any CPU.Build.0 = Release|Any CPU
		{3E801B5A-C2C2-42D6-BE7E-A21E6D9E7B36}.Release|ARM.ActiveCfg = Release|Any CPU
		{3E801B5A-C2C2-42D6-BE7E-A21E6D9E7B36}.Release|ARM.Build.0 = Release|Any CPU
		{3E801B5A-C2C2-42D6-BE7E-A21E6D9E7B36}.Release|iOS.ActiveCfg = Release|Any CPU
		{3E801B5A-C2C2-42D6-BE7E-A21E6D9E7B36}.Release|iOS.Build.0 = Release|Any CPU
		{3E801B5A-C2C2-42D6-BE7E-A21E6D9E7B36}.Release|Windows Phone (Universal).ActiveCfg = Release|Any CPU
		{3E801B5A-C2C2-42D6-BE7E-A21E6D9E7B36}.Release|Windows Phone (Universal).Build.0 = Release|Any CPU
		{3E801B5A-C2C2-42D6-BE7E-A21E6D9E7B36}.Release|Windows Phone 8.ActiveCfg = Release|Any CPU
		{3E801B5A-C2C2-42D6-BE7E-A21E6D9E7B36}.Release|Windows Phone 8.Build.0 = Release|Any CPU
		{3E801B5A-C2C2-42D6-BE7E-A21E6D9E7B36}.Release|Windows-AnyCPU.ActiveCfg = Release|Any CPU
		{3E801B5A-C2C2-42D6-BE7E-A21E6D9E7B36}.Release|Windows-AnyCPU.Build.0 = Release|Any CPU
		{3E801B5A-C2C2-42D6-BE7E-A21E6D9E7B36}.Release|Windows-ARM.ActiveCfg = Release|Any CPU
		{3E801B5A-C2C2-42D6-BE7E-A21E6D9E7B36}.Release|Windows-ARM.Build.0 = Release|Any CPU
		{3E801B5A-C2C2-42D6-BE7E-A21E6D9E7B36}.Release|Windows-x64.ActiveCfg = Release|Any CPU
		{3E801B5A-C2C2-42D6-BE7E-A21E6D9E7B36}.Release|Windows-x64.Build.0 = Release|Any CPU
		{3E801B5A-C2C2-42D6-BE7E-A21E6D9E7B36}.Release|Windows-x86.ActiveCfg = Release|Any CPU
		{3E801B5A-C2C2-42D6-BE7E-A21E6D9E7B36}.Release|Windows-x86.Build.0 = Release|Any CPU
		{3E801B5A-C2C2-42D6-BE7E-A21E6D9E7B36}.Release|x64.ActiveCfg = Release|Any CPU
		{3E801B5A-C2C2-42D6-BE7E-A21E6D9E7B36}.Release|x64.Build.0 = Release|Any CPU
		{3E801B5A-C2C2-42D6-BE7E-A21E6D9E7B36}.Release|x86.ActiveCfg = Release|Any CPU
		{3E801B5A-C2C2-42D6-BE7E-A21E6D9E7B36}.Release|x86.Build.0 = Release|Any CPU
		{3E801B5A-C2C2-42D6-BE7E-A21E6D9E7B36}.UnitTest|Android.ActiveCfg = Release|Any CPU
		{3E801B5A-C2C2-42D6-BE7E-A21E6D9E7B36}.UnitTest|Android.Build.0 = Release|Any CPU
		{3E801B5A-C2C2-42D6-BE7E-A21E6D9E7B36}.UnitTest|Any CPU.ActiveCfg = Release|Any CPU
		{3E801B5A-C2C2-42D6-BE7E-A21E6D9E7B36}.UnitTest|Any CPU.Build.0 = Release|Any CPU
		{3E801B5A-C2C2-42D6-BE7E-A21E6D9E7B36}.UnitTest|ARM.ActiveCfg = Release|Any CPU
		{3E801B5A-C2C2-42D6-BE7E-A21E6D9E7B36}.UnitTest|ARM.Build.0 = Release|Any CPU
		{3E801B5A-C2C2-42D6-BE7E-A21E6D9E7B36}.UnitTest|iOS.ActiveCfg = Release|Any CPU
		{3E801B5A-C2C2-42D6-BE7E-A21E6D9E7B36}.UnitTest|iOS.Build.0 = Release|Any CPU
		{3E801B5A-C2C2-42D6-BE7E-A21E6D9E7B36}.UnitTest|Windows Phone (Universal).ActiveCfg = Release|Any CPU
		{3E801B5A-C2C2-42D6-BE7E-A21E6D9E7B36}.UnitTest|Windows Phone (Universal).Build.0 = Release|Any CPU
		{3E801B5A-C2C2-42D6-BE7E-A21E6D9E7B36}.UnitTest|Windows Phone 8.ActiveCfg = Release|Any CPU
		{3E801B5A-C2C2-42D6-BE7E-A21E6D9E7B36}.UnitTest|Windows Phone 8.Build.0 = Release|Any CPU
		{3E801B5A-C2C2-42D6-BE7E-A21E6D9E7B36}.UnitTest|Windows-AnyCPU.ActiveCfg = Release|Any CPU
		{3E801B5A-C2C2-42D6-BE7E-A21E6D9E7B36}.UnitTest|Windows-AnyCPU.Build.0 = Release|Any CPU
		{3E801B5A-C2C2-42D6-BE7E-A21E6D9E7B36}.UnitTest|Windows-ARM.ActiveCfg = Release|Any CPU
		{3E801B5A-C2C2-42D6-BE7E-A21E6D9E7B36}.UnitTest|Windows-ARM.Build.0 = Release|Any CPU
		{3E801B5A-C2C2-42D6-BE7E-A21E6D9E7B36}.UnitTest|Windows-x64.ActiveCfg = Release|Any CPU
		{3E801B5A-C2C2-42D6-BE7E-A21E6D9E7B36}.UnitTest|Windows-x64.Build.0 = Release|Any CPU
		{3E801B5A-C2C2-42D6-BE7E-A21E6D9E7B36}.UnitTest|Windows-x86.ActiveCfg = Release|Any CPU
		{3E801B5A-C2C2-42D6-BE7E-A21E6D9E7B36}.UnitTest|Windows-x86.Build.0 = Release|Any CPU
		{3E801B5A-C2C2-42D6-BE7E-A21E6D9E7B36}.UnitTest|x64.ActiveCfg = Release|Any CPU
		{3E801B5A-C2C2-42D6-BE7E-A21E6D9E7B36}.UnitTest|x64.Build.0 = Release|Any CPU
		{3E801B5A-C2C2-42D6-BE7E-A21E6D9E7B36}.UnitTest|x86.ActiveCfg = Release|Any CPU
		{3E801B5A-C2C2-42D6-BE7E-A21E6D9E7B36}.UnitTest|x86.Build.0 = Release|Any CPU
		{B7AFEB3E-A736-43DB-AE04-9C630D1F338A}.Debug|Android.ActiveCfg = Debug|Any CPU
		{B7AFEB3E-A736-43DB-AE04-9C630D1F338A}.Debug|Android.Build.0 = Debug|Any CPU
		{B7AFEB3E-A736-43DB-AE04-9C630D1F338A}.Debug|Any CPU.ActiveCfg = Debug|Any CPU
		{B7AFEB3E-A736-43DB-AE04-9C630D1F338A}.Debug|Any CPU.Build.0 = Debug|Any CPU
		{B7AFEB3E-A736-43DB-AE04-9C630D1F338A}.Debug|ARM.ActiveCfg = Debug|Any CPU
		{B7AFEB3E-A736-43DB-AE04-9C630D1F338A}.Debug|ARM.Build.0 = Debug|Any CPU
		{B7AFEB3E-A736-43DB-AE04-9C630D1F338A}.Debug|iOS.ActiveCfg = Debug|Any CPU
		{B7AFEB3E-A736-43DB-AE04-9C630D1F338A}.Debug|iOS.Build.0 = Debug|Any CPU
		{B7AFEB3E-A736-43DB-AE04-9C630D1F338A}.Debug|Windows Phone (Universal).ActiveCfg = Debug|Any CPU
		{B7AFEB3E-A736-43DB-AE04-9C630D1F338A}.Debug|Windows Phone (Universal).Build.0 = Debug|Any CPU
		{B7AFEB3E-A736-43DB-AE04-9C630D1F338A}.Debug|Windows Phone 8.ActiveCfg = Debug|Any CPU
		{B7AFEB3E-A736-43DB-AE04-9C630D1F338A}.Debug|Windows Phone 8.Build.0 = Debug|Any CPU
		{B7AFEB3E-A736-43DB-AE04-9C630D1F338A}.Debug|Windows-AnyCPU.ActiveCfg = Debug|Any CPU
		{B7AFEB3E-A736-43DB-AE04-9C630D1F338A}.Debug|Windows-AnyCPU.Build.0 = Debug|Any CPU
		{B7AFEB3E-A736-43DB-AE04-9C630D1F338A}.Debug|Windows-ARM.ActiveCfg = Debug|Any CPU
		{B7AFEB3E-A736-43DB-AE04-9C630D1F338A}.Debug|Windows-ARM.Build.0 = Debug|Any CPU
		{B7AFEB3E-A736-43DB-AE04-9C630D1F338A}.Debug|Windows-x64.ActiveCfg = Debug|Any CPU
		{B7AFEB3E-A736-43DB-AE04-9C630D1F338A}.Debug|Windows-x64.Build.0 = Debug|Any CPU
		{B7AFEB3E-A736-43DB-AE04-9C630D1F338A}.Debug|Windows-x86.ActiveCfg = Debug|Any CPU
		{B7AFEB3E-A736-43DB-AE04-9C630D1F338A}.Debug|Windows-x86.Build.0 = Debug|Any CPU
		{B7AFEB3E-A736-43DB-AE04-9C630D1F338A}.Debug|x64.ActiveCfg = Debug|Any CPU
		{B7AFEB3E-A736-43DB-AE04-9C630D1F338A}.Debug|x64.Build.0 = Debug|Any CPU
		{B7AFEB3E-A736-43DB-AE04-9C630D1F338A}.Debug|x86.ActiveCfg = Debug|Any CPU
		{B7AFEB3E-A736-43DB-AE04-9C630D1F338A}.Debug|x86.Build.0 = Debug|Any CPU
		{B7AFEB3E-A736-43DB-AE04-9C630D1F338A}.Release|Android.ActiveCfg = Release|Any CPU
		{B7AFEB3E-A736-43DB-AE04-9C630D1F338A}.Release|Android.Build.0 = Release|Any CPU
		{B7AFEB3E-A736-43DB-AE04-9C630D1F338A}.Release|Any CPU.ActiveCfg = Release|Any CPU
		{B7AFEB3E-A736-43DB-AE04-9C630D1F338A}.Release|Any CPU.Build.0 = Release|Any CPU
		{B7AFEB3E-A736-43DB-AE04-9C630D1F338A}.Release|ARM.ActiveCfg = Release|Any CPU
		{B7AFEB3E-A736-43DB-AE04-9C630D1F338A}.Release|ARM.Build.0 = Release|Any CPU
		{B7AFEB3E-A736-43DB-AE04-9C630D1F338A}.Release|iOS.ActiveCfg = Release|Any CPU
		{B7AFEB3E-A736-43DB-AE04-9C630D1F338A}.Release|iOS.Build.0 = Release|Any CPU
		{B7AFEB3E-A736-43DB-AE04-9C630D1F338A}.Release|Windows Phone (Universal).ActiveCfg = Release|Any CPU
		{B7AFEB3E-A736-43DB-AE04-9C630D1F338A}.Release|Windows Phone (Universal).Build.0 = Release|Any CPU
		{B7AFEB3E-A736-43DB-AE04-9C630D1F338A}.Release|Windows Phone 8.ActiveCfg = Release|Any CPU
		{B7AFEB3E-A736-43DB-AE04-9C630D1F338A}.Release|Windows Phone 8.Build.0 = Release|Any CPU
		{B7AFEB3E-A736-43DB-AE04-9C630D1F338A}.Release|Windows-AnyCPU.ActiveCfg = Release|Any CPU
		{B7AFEB3E-A736-43DB-AE04-9C630D1F338A}.Release|Windows-AnyCPU.Build.0 = Release|Any CPU
		{B7AFEB3E-A736-43DB-AE04-9C630D1F338A}.Release|Windows-ARM.ActiveCfg = Release|Any CPU
		{B7AFEB3E-A736-43DB-AE04-9C630D1F338A}.Release|Windows-ARM.Build.0 = Release|Any CPU
		{B7AFEB3E-A736-43DB-AE04-9C630D1F338A}.Release|Windows-x64.ActiveCfg = Release|Any CPU
		{B7AFEB3E-A736-43DB-AE04-9C630D1F338A}.Release|Windows-x64.Build.0 = Release|Any CPU
		{B7AFEB3E-A736-43DB-AE04-9C630D1F338A}.Release|Windows-x86.ActiveCfg = Release|Any CPU
		{B7AFEB3E-A736-43DB-AE04-9C630D1F338A}.Release|Windows-x86.Build.0 = Release|Any CPU
		{B7AFEB3E-A736-43DB-AE04-9C630D1F338A}.Release|x64.ActiveCfg = Release|Any CPU
		{B7AFEB3E-A736-43DB-AE04-9C630D1F338A}.Release|x64.Build.0 = Release|Any CPU
		{B7AFEB3E-A736-43DB-AE04-9C630D1F338A}.Release|x86.ActiveCfg = Release|Any CPU
		{B7AFEB3E-A736-43DB-AE04-9C630D1F338A}.Release|x86.Build.0 = Release|Any CPU
		{B7AFEB3E-A736-43DB-AE04-9C630D1F338A}.UnitTest|Android.ActiveCfg = UnitTest|Any CPU
		{B7AFEB3E-A736-43DB-AE04-9C630D1F338A}.UnitTest|Android.Build.0 = UnitTest|Any CPU
		{B7AFEB3E-A736-43DB-AE04-9C630D1F338A}.UnitTest|Any CPU.ActiveCfg = UnitTest|Any CPU
		{B7AFEB3E-A736-43DB-AE04-9C630D1F338A}.UnitTest|Any CPU.Build.0 = UnitTest|Any CPU
		{B7AFEB3E-A736-43DB-AE04-9C630D1F338A}.UnitTest|ARM.ActiveCfg = UnitTest|Any CPU
		{B7AFEB3E-A736-43DB-AE04-9C630D1F338A}.UnitTest|ARM.Build.0 = UnitTest|Any CPU
		{B7AFEB3E-A736-43DB-AE04-9C630D1F338A}.UnitTest|iOS.ActiveCfg = UnitTest|Any CPU
		{B7AFEB3E-A736-43DB-AE04-9C630D1F338A}.UnitTest|iOS.Build.0 = UnitTest|Any CPU
		{B7AFEB3E-A736-43DB-AE04-9C630D1F338A}.UnitTest|Windows Phone (Universal).ActiveCfg = UnitTest|Any CPU
		{B7AFEB3E-A736-43DB-AE04-9C630D1F338A}.UnitTest|Windows Phone (Universal).Build.0 = UnitTest|Any CPU
		{B7AFEB3E-A736-43DB-AE04-9C630D1F338A}.UnitTest|Windows Phone 8.ActiveCfg = UnitTest|Any CPU
		{B7AFEB3E-A736-43DB-AE04-9C630D1F338A}.UnitTest|Windows Phone 8.Build.0 = UnitTest|Any CPU
		{B7AFEB3E-A736-43DB-AE04-9C630D1F338A}.UnitTest|Windows-AnyCPU.ActiveCfg = UnitTest|Any CPU
		{B7AFEB3E-A736-43DB-AE04-9C630D1F338A}.UnitTest|Windows-AnyCPU.Build.0 = UnitTest|Any CPU
		{B7AFEB3E-A736-43DB-AE04-9C630D1F338A}.UnitTest|Windows-ARM.ActiveCfg = UnitTest|Any CPU
		{B7AFEB3E-A736-43DB-AE04-9C630D1F338A}.UnitTest|Windows-ARM.Build.0 = UnitTest|Any CPU
		{B7AFEB3E-A736-43DB-AE04-9C630D1F338A}.UnitTest|Windows-x64.ActiveCfg = UnitTest|Any CPU
		{B7AFEB3E-A736-43DB-AE04-9C630D1F338A}.UnitTest|Windows-x64.Build.0 = UnitTest|Any CPU
		{B7AFEB3E-A736-43DB-AE04-9C630D1F338A}.UnitTest|Windows-x86.ActiveCfg = UnitTest|Any CPU
		{B7AFEB3E-A736-43DB-AE04-9C630D1F338A}.UnitTest|Windows-x86.Build.0 = UnitTest|Any CPU
		{B7AFEB3E-A736-43DB-AE04-9C630D1F338A}.UnitTest|x64.ActiveCfg = UnitTest|Any CPU
		{B7AFEB3E-A736-43DB-AE04-9C630D1F338A}.UnitTest|x64.Build.0 = UnitTest|Any CPU
		{B7AFEB3E-A736-43DB-AE04-9C630D1F338A}.UnitTest|x86.ActiveCfg = UnitTest|Any CPU
		{B7AFEB3E-A736-43DB-AE04-9C630D1F338A}.UnitTest|x86.Build.0 = UnitTest|Any CPU
		{9E6B6C95-DB78-4C46-8385-1548C2038ECC}.Debug|Android.ActiveCfg = Debug|Any CPU
		{9E6B6C95-DB78-4C46-8385-1548C2038ECC}.Debug|Android.Build.0 = Debug|Any CPU
		{9E6B6C95-DB78-4C46-8385-1548C2038ECC}.Debug|Any CPU.ActiveCfg = Debug|Any CPU
		{9E6B6C95-DB78-4C46-8385-1548C2038ECC}.Debug|Any CPU.Build.0 = Debug|Any CPU
		{9E6B6C95-DB78-4C46-8385-1548C2038ECC}.Debug|ARM.ActiveCfg = Debug|Any CPU
		{9E6B6C95-DB78-4C46-8385-1548C2038ECC}.Debug|ARM.Build.0 = Debug|Any CPU
		{9E6B6C95-DB78-4C46-8385-1548C2038ECC}.Debug|iOS.ActiveCfg = Debug|Any CPU
		{9E6B6C95-DB78-4C46-8385-1548C2038ECC}.Debug|iOS.Build.0 = Debug|Any CPU
		{9E6B6C95-DB78-4C46-8385-1548C2038ECC}.Debug|Windows Phone (Universal).ActiveCfg = Debug|Any CPU
		{9E6B6C95-DB78-4C46-8385-1548C2038ECC}.Debug|Windows Phone (Universal).Build.0 = Debug|Any CPU
		{9E6B6C95-DB78-4C46-8385-1548C2038ECC}.Debug|Windows Phone 8.ActiveCfg = Debug|Any CPU
		{9E6B6C95-DB78-4C46-8385-1548C2038ECC}.Debug|Windows Phone 8.Build.0 = Debug|Any CPU
		{9E6B6C95-DB78-4C46-8385-1548C2038ECC}.Debug|Windows-AnyCPU.ActiveCfg = Debug|Any CPU
		{9E6B6C95-DB78-4C46-8385-1548C2038ECC}.Debug|Windows-AnyCPU.Build.0 = Debug|Any CPU
		{9E6B6C95-DB78-4C46-8385-1548C2038ECC}.Debug|Windows-ARM.ActiveCfg = Debug|Any CPU
		{9E6B6C95-DB78-4C46-8385-1548C2038ECC}.Debug|Windows-ARM.Build.0 = Debug|Any CPU
		{9E6B6C95-DB78-4C46-8385-1548C2038ECC}.Debug|Windows-x64.ActiveCfg = Debug|Any CPU
		{9E6B6C95-DB78-4C46-8385-1548C2038ECC}.Debug|Windows-x64.Build.0 = Debug|Any CPU
		{9E6B6C95-DB78-4C46-8385-1548C2038ECC}.Debug|Windows-x86.ActiveCfg = Debug|Any CPU
		{9E6B6C95-DB78-4C46-8385-1548C2038ECC}.Debug|Windows-x86.Build.0 = Debug|Any CPU
		{9E6B6C95-DB78-4C46-8385-1548C2038ECC}.Debug|x64.ActiveCfg = Debug|Any CPU
		{9E6B6C95-DB78-4C46-8385-1548C2038ECC}.Debug|x64.Build.0 = Debug|Any CPU
		{9E6B6C95-DB78-4C46-8385-1548C2038ECC}.Debug|x86.ActiveCfg = Debug|Any CPU
		{9E6B6C95-DB78-4C46-8385-1548C2038ECC}.Debug|x86.Build.0 = Debug|Any CPU
		{9E6B6C95-DB78-4C46-8385-1548C2038ECC}.Release|Android.ActiveCfg = Release|Any CPU
		{9E6B6C95-DB78-4C46-8385-1548C2038ECC}.Release|Android.Build.0 = Release|Any CPU
		{9E6B6C95-DB78-4C46-8385-1548C2038ECC}.Release|Any CPU.ActiveCfg = Release|Any CPU
		{9E6B6C95-DB78-4C46-8385-1548C2038ECC}.Release|Any CPU.Build.0 = Release|Any CPU
		{9E6B6C95-DB78-4C46-8385-1548C2038ECC}.Release|ARM.ActiveCfg = Release|Any CPU
		{9E6B6C95-DB78-4C46-8385-1548C2038ECC}.Release|ARM.Build.0 = Release|Any CPU
		{9E6B6C95-DB78-4C46-8385-1548C2038ECC}.Release|iOS.ActiveCfg = Release|Any CPU
		{9E6B6C95-DB78-4C46-8385-1548C2038ECC}.Release|iOS.Build.0 = Release|Any CPU
		{9E6B6C95-DB78-4C46-8385-1548C2038ECC}.Release|Windows Phone (Universal).ActiveCfg = Release|Any CPU
		{9E6B6C95-DB78-4C46-8385-1548C2038ECC}.Release|Windows Phone (Universal).Build.0 = Release|Any CPU
		{9E6B6C95-DB78-4C46-8385-1548C2038ECC}.Release|Windows Phone 8.ActiveCfg = Release|Any CPU
		{9E6B6C95-DB78-4C46-8385-1548C2038ECC}.Release|Windows Phone 8.Build.0 = Release|Any CPU
		{9E6B6C95-DB78-4C46-8385-1548C2038ECC}.Release|Windows-AnyCPU.ActiveCfg = Release|Any CPU
		{9E6B6C95-DB78-4C46-8385-1548C2038ECC}.Release|Windows-AnyCPU.Build.0 = Release|Any CPU
		{9E6B6C95-DB78-4C46-8385-1548C2038ECC}.Release|Windows-ARM.ActiveCfg = Release|Any CPU
		{9E6B6C95-DB78-4C46-8385-1548C2038ECC}.Release|Windows-ARM.Build.0 = Release|Any CPU
		{9E6B6C95-DB78-4C46-8385-1548C2038ECC}.Release|Windows-x64.ActiveCfg = Release|Any CPU
		{9E6B6C95-DB78-4C46-8385-1548C2038ECC}.Release|Windows-x64.Build.0 = Release|Any CPU
		{9E6B6C95-DB78-4C46-8385-1548C2038ECC}.Release|Windows-x86.ActiveCfg = Release|Any CPU
		{9E6B6C95-DB78-4C46-8385-1548C2038ECC}.Release|Windows-x86.Build.0 = Release|Any CPU
		{9E6B6C95-DB78-4C46-8385-1548C2038ECC}.Release|x64.ActiveCfg = Release|Any CPU
		{9E6B6C95-DB78-4C46-8385-1548C2038ECC}.Release|x64.Build.0 = Release|Any CPU
		{9E6B6C95-DB78-4C46-8385-1548C2038ECC}.Release|x86.ActiveCfg = Release|Any CPU
		{9E6B6C95-DB78-4C46-8385-1548C2038ECC}.Release|x86.Build.0 = Release|Any CPU
		{9E6B6C95-DB78-4C46-8385-1548C2038ECC}.UnitTest|Android.ActiveCfg = Release|Any CPU
		{9E6B6C95-DB78-4C46-8385-1548C2038ECC}.UnitTest|Android.Build.0 = Release|Any CPU
		{9E6B6C95-DB78-4C46-8385-1548C2038ECC}.UnitTest|Any CPU.ActiveCfg = Release|Any CPU
		{9E6B6C95-DB78-4C46-8385-1548C2038ECC}.UnitTest|Any CPU.Build.0 = Release|Any CPU
		{9E6B6C95-DB78-4C46-8385-1548C2038ECC}.UnitTest|ARM.ActiveCfg = Release|Any CPU
		{9E6B6C95-DB78-4C46-8385-1548C2038ECC}.UnitTest|ARM.Build.0 = Release|Any CPU
		{9E6B6C95-DB78-4C46-8385-1548C2038ECC}.UnitTest|iOS.ActiveCfg = Release|Any CPU
		{9E6B6C95-DB78-4C46-8385-1548C2038ECC}.UnitTest|iOS.Build.0 = Release|Any CPU
		{9E6B6C95-DB78-4C46-8385-1548C2038ECC}.UnitTest|Windows Phone (Universal).ActiveCfg = Release|Any CPU
		{9E6B6C95-DB78-4C46-8385-1548C2038ECC}.UnitTest|Windows Phone (Universal).Build.0 = Release|Any CPU
		{9E6B6C95-DB78-4C46-8385-1548C2038ECC}.UnitTest|Windows Phone 8.ActiveCfg = Release|Any CPU
		{9E6B6C95-DB78-4C46-8385-1548C2038ECC}.UnitTest|Windows Phone 8.Build.0 = Release|Any CPU
		{9E6B6C95-DB78-4C46-8385-1548C2038ECC}.UnitTest|Windows-AnyCPU.ActiveCfg = Release|Any CPU
		{9E6B6C95-DB78-4C46-8385-1548C2038ECC}.UnitTest|Windows-AnyCPU.Build.0 = Release|Any CPU
		{9E6B6C95-DB78-4C46-8385-1548C2038ECC}.UnitTest|Windows-ARM.ActiveCfg = Release|Any CPU
		{9E6B6C95-DB78-4C46-8385-1548C2038ECC}.UnitTest|Windows-ARM.Build.0 = Release|Any CPU
		{9E6B6C95-DB78-4C46-8385-1548C2038ECC}.UnitTest|Windows-x64.ActiveCfg = Release|Any CPU
		{9E6B6C95-DB78-4C46-8385-1548C2038ECC}.UnitTest|Windows-x64.Build.0 = Release|Any CPU
		{9E6B6C95-DB78-4C46-8385-1548C2038ECC}.UnitTest|Windows-x86.ActiveCfg = Release|Any CPU
		{9E6B6C95-DB78-4C46-8385-1548C2038ECC}.UnitTest|Windows-x86.Build.0 = Release|Any CPU
		{9E6B6C95-DB78-4C46-8385-1548C2038ECC}.UnitTest|x64.ActiveCfg = Release|Any CPU
		{9E6B6C95-DB78-4C46-8385-1548C2038ECC}.UnitTest|x64.Build.0 = Release|Any CPU
		{9E6B6C95-DB78-4C46-8385-1548C2038ECC}.UnitTest|x86.ActiveCfg = Release|Any CPU
		{9E6B6C95-DB78-4C46-8385-1548C2038ECC}.UnitTest|x86.Build.0 = Release|Any CPU
	EndGlobalSection
	GlobalSection(SolutionProperties) = preSolution
		HideSolutionNode = FALSE
	EndGlobalSection
	GlobalSection(NestedProjects) = preSolution
		{1A3984CE-0ADA-4EBD-9041-0BFEC35A4EF0} = {E99ECAE6-88BF-4EB8-BC69-BE9E695FB328}
		{35A9C699-671D-41B7-AA25-3EDCF8D234AE} = {E99ECAE6-88BF-4EB8-BC69-BE9E695FB328}
		{2B12BFFB-F941-4910-BD0C-8BA173E714F2} = {12B3747B-74AC-49F5-82E3-3681E4885FA9}
		{F734CF51-1AF2-40FC-8A3C-CE496C871B8C} = {01320281-981B-434D-8514-A1651D1AA423}
		{6DBD6491-7106-4110-A08E-750C3F720569} = {01320281-981B-434D-8514-A1651D1AA423}
		{CCE711BE-2AE6-4FA4-8B03-1D51C61963F1} = {29158E5E-4FCD-4458-93A2-5C6F14E8FE7C}
		{3E801B5A-C2C2-42D6-BE7E-A21E6D9E7B36} = {29158E5E-4FCD-4458-93A2-5C6F14E8FE7C}
		{B7AFEB3E-A736-43DB-AE04-9C630D1F338A} = {12B3747B-74AC-49F5-82E3-3681E4885FA9}
		{9E6B6C95-DB78-4C46-8385-1548C2038ECC} = {29158E5E-4FCD-4458-93A2-5C6F14E8FE7C}
	EndGlobalSection
EndGlobal
